<?xml version="1.0" encoding="utf-8"?>
<Project ToolsVersion="4.0" xmlns="http://schemas.microsoft.com/developer/msbuild/2003">
  <ItemGroup>
    <ClCompile Include="BossFightStrategy.cpp">
      <Filter>源文件</Filter>
    </ClCompile>
    <ClCompile Include="GameObjects.cpp">
      <Filter>源文件</Filter>
    </ClCompile>
    <ClCompile Include="GreedyResourcePicker.cpp">
      <Filter>源文件</Filter>
    </ClCompile>
    <ClCompile Include="main.cpp">
      <Filter>源文件</Filter>
    </ClCompile>
    <ClCompile Include="MazeGenerator.cpp">
      <Filter>源文件</Filter>
    </ClCompile>
    <ClCompile Include="PuzzleSolver.cpp">
      <Filter>源文件</Filter>
    </ClCompile>
    <ClCompile Include="ResourcePathPlanner.cpp">
      <Filter>源文件</Filter>
    </ClCompile>
    <ClCompile Include="Utils.cpp">
      <Filter>源文件</Filter>
    </ClCompile>
    <ClCompile Include="FightBossVisual.cpp">
      <Filter>源文件</Filter>
    </ClCompile>
  </ItemGroup>
  <ItemGroup>
    <ClInclude Include="BossFightStrategy.h">
      <Filter>头文件</Filter>
    </ClInclude>
    <ClInclude Include="GameObjects.h">
      <Filter>头文件</Filter>
    </ClInclude>
    <ClInclude Include="json.hpp">
      <Filter>头文件</Filter>
    </ClInclude>
    <ClInclude Include="GreedyResourcePicker.h">
      <Filter>头文件</Filter>
    </ClInclude>
    <ClInclude Include="MazeGenerator.h">
      <Filter>头文件</Filter>
    </ClInclude>
    <ClInclude Include="ResourcePathPlanner.h">
      <Filter>头文件</Filter>
    </ClInclude>
    <ClInclude Include="Utils.h">
      <Filter>头文件</Filter>
    </ClInclude>
    <ClInclude Include="FightBossVisual.h">
      <Filter>头文件</Filter>
    </ClInclude>
    <ClInclude Include="PuzzleSolver.h">
      <Filter>头文件</Filter>
    </ClInclude>
  </ItemGroup>
  <ItemGroup>
    <Filter Include="源文件">
      <UniqueIdentifier>{0648c762-d8e0-4789-98b7-39c3417069ae}</UniqueIdentifier>
    </Filter>
    <Filter Include="头文件">
      <UniqueIdentifier>{4854e8f9-593c-4311-951a-00be28aa42d8}</UniqueIdentifier>
    </Filter>
    <Filter Include="资源文件">
      <UniqueIdentifier>{f29031c0-3fb9-4ede-a652-da684e3479ef}</UniqueIdentifier>
    </Filter>
  </ItemGroup>
  <ItemGroup>
    <None Include="boss_case.json">
      <Filter>资源文件</Filter>
    </None>
  </ItemGroup>
</Project>