
Microsoft Visual Studio Solution File, Format Version 12.00
# Visual Studio Version 17
VisualStudioVersion = 17.6.33829.357
MinimumVisualStudioVersion = 10.0.40219.1
Project("{8BC9CEB8-8B4A-11D0-8D11-00A0C91BC942}") = "SimpleStoneshard", "SimpleStoneshard.vcxproj", "{F48CAEC1-009B-499C-8311-747FBB2224A6}"
EndProject
Global
	GlobalSection(SolutionConfigurationPlatforms) = preSolution
		Debug|x64 = Debug|x64
		Debug|x86 = Debug|x86
		Release|x64 = Release|x64
		Release|x86 = Release|x86
		头文件|x64 = 头文件|x64
		头文件|x86 = 头文件|x86
	EndGlobalSection
	GlobalSection(ProjectConfigurationPlatforms) = postSolution
		{F48CAEC1-009B-499C-8311-747FBB2224A6}.Debug|x64.ActiveCfg = Debug|x64
		{F48CAEC1-009B-499C-8311-747FBB2224A6}.Debug|x64.Build.0 = Debug|x64
		{F48CAEC1-009B-499C-8311-747FBB2224A6}.Debug|x86.ActiveCfg = Debug|Win32
		{F48CAEC1-009B-499C-8311-747FBB2224A6}.Debug|x86.Build.0 = Debug|Win32
		{F48CAEC1-009B-499C-8311-747FBB2224A6}.Release|x64.ActiveCfg = Release|x64
		{F48CAEC1-009B-499C-8311-747FBB2224A6}.Release|x64.Build.0 = Release|x64
		{F48CAEC1-009B-499C-8311-747FBB2224A6}.Release|x86.ActiveCfg = Release|Win32
		{F48CAEC1-009B-499C-8311-747FBB2224A6}.Release|x86.Build.0 = Release|Win32
		{F48CAEC1-009B-499C-8311-747FBB2224A6}.头文件|x64.ActiveCfg = 头文件|x64
		{F48CAEC1-009B-499C-8311-747FBB2224A6}.头文件|x64.Build.0 = 头文件|x64
		{F48CAEC1-009B-499C-8311-747FBB2224A6}.头文件|x86.ActiveCfg = 头文件|Win32
		{F48CAEC1-009B-499C-8311-747FBB2224A6}.头文件|x86.Build.0 = 头文件|Win32
	EndGlobalSection
	GlobalSection(SolutionProperties) = preSolution
		HideSolutionNode = FALSE
	EndGlobalSection
	GlobalSection(ExtensibilityGlobals) = postSolution
		SolutionGuid = {090FD0C5-EBC5-4E96-B275-70AAB0DCBAB7}
	EndGlobalSection
EndGlobal
